
Microsoft Visual Studio Solution File, Format Version 12.00
# Visual Studio Version 17
VisualStudioVersion = 17.5.33530.505
MinimumVisualStudioVersion = 10.0.40219.1
Project("{FAE04EC0-301F-11D3-BF4B-00C04F79EFBC}") = "WebBDS", "WebBDS\WebBDS.csproj", "{3256974A-8499-42BB-94AF-728A9869CA96}"
EndProject
Global
	GlobalSection(SolutionConfigurationPlatforms) = preSolution
		Debug|Any CPU = Debug|Any CPU
		Release|Any CPU = Release|Any CPU
	EndGlobalSection
	GlobalSection(ProjectConfigurationPlatforms) = postSolution
		{3256974A-8499-42BB-94AF-728A9869CA96}.Debug|Any CPU.ActiveCfg = Debug|Any CPU
		{3256974A-8499-42BB-94AF-728A9869CA96}.Debug|Any CPU.Build.0 = Debug|Any CPU
		{3256974A-8499-42BB-94AF-728A9869CA96}.Release|Any CPU.ActiveCfg = Release|Any CPU
		{3256974A-8499-42BB-94AF-728A9869CA96}.Release|Any CPU.Build.0 = Release|Any CPU
	EndGlobalSection
	GlobalSection(SolutionProperties) = preSolution
		HideSolutionNode = FALSE
	EndGlobalSection
	GlobalSection(ExtensibilityGlobals) = postSolution
		SolutionGuid = {8A8BC24C-CFEF-4209-853E-66584E9CAA58}
	EndGlobalSection
	GlobalSection(NestedProjects) = preSolution
	EndGlobalSection
EndGlobal
